PODS:
  - Alamofire (5.4.4)
  - HandyJSON (5.0.2)
  - MLMNetWork/AlamofireClient (0.2.5):
    - Alamofire (~> 5.4)
    - MLMNetWork/Protocol
  - MLMNetWork/Protocol (0.2.5):
    - HandyJSON (~> 5.0.1)
    - RxCocoa (~> 5)
    - RxSwift
  - RxCocoa (5.1.3):
    - RxRelay (~> 5)
    - RxSwift (~> 5)
  - RxRelay (5.1.3):
    - RxSwift (~> 5)
  - RxSwift (5.1.3)

DEPENDENCIES:
  - MLMNetWork/AlamofireClient (from `../`)

SPEC REPOS:
  trunk:
    - Alamofire
    - HandyJSON
    - RxCocoa
    - RxRelay
    - RxSwift

EXTERNAL SOURCES:
  MLMNetWork:
    :path: "../"

SPEC CHECKSUMS:
  Alamofire: f3b09a368f1582ab751b3fff5460276e0d2cf5c9
  HandyJSON: 9e4e236f5d2dbefad5155a77417bbea438201c03
  MLMNetWork: ee0fd68f2ef8563681b0c41113a00cb577e8ede9
  RxCocoa: e2ed092d5432e4296aa818021d27de4090ac0354
  RxRelay: 5a18c2eb2d68326ebaf0112f80d837ae41b92b97
  RxSwift: 915abbdfb62214aa89ccd0b194d44fb478019b27

PODFILE CHECKSUM: 9c90696ede89508699784e50b3e1d0a1f44a7618

COCOAPODS: 1.11.2
